
Microsoft Visual Studio Solution File, Format Version 12.00
# Visual Studio Version 16
VisualStudioVersion = 16.0.29609.76
MinimumVisualStudioVersion = 10.0.40219.1
Project("{9A19103F-16F7-4668-BE54-9A1E7A4F7556}") = "FileStorage.WebApi", "FileStorage.WebApi\FileStorage.WebApi.csproj", "{023F62C7-2DD0-403B-9685-E2C51895A17D}"
EndProject
Project("{FAE04EC0-301F-11D3-BF4B-00C04F79EFBC}") = "FileStorage.Test.Console", "FileStorage.Test.Console\FileStorage.Test.Console.csproj", "{DFF8844D-6A77-4CDA-BF9B-27F69727BA7A}"
EndProject
Global
	GlobalSection(SolutionConfigurationPlatforms) = preSolution
		Debug|Any CPU = Debug|Any CPU
		Release|Any CPU = Release|Any CPU
	EndGlobalSection
	GlobalSection(ProjectConfigurationPlatforms) = postSolution
		{023F62C7-2DD0-403B-9685-E2C51895A17D}.Debug|Any CPU.ActiveCfg = Debug|Any CPU
		{023F62C7-2DD0-403B-9685-E2C51895A17D}.Debug|Any CPU.Build.0 = Debug|Any CPU
		{023F62C7-2DD0-403B-9685-E2C51895A17D}.Release|Any CPU.ActiveCfg = Release|Any CPU
		{023F62C7-2DD0-403B-9685-E2C51895A17D}.Release|Any CPU.Build.0 = Release|Any CPU
		{DFF8844D-6A77-4CDA-BF9B-27F69727BA7A}.Debug|Any CPU.ActiveCfg = Debug|Any CPU
		{DFF8844D-6A77-4CDA-BF9B-27F69727BA7A}.Debug|Any CPU.Build.0 = Debug|Any CPU
		{DFF8844D-6A77-4CDA-BF9B-27F69727BA7A}.Release|Any CPU.ActiveCfg = Release|Any CPU
		{DFF8844D-6A77-4CDA-BF9B-27F69727BA7A}.Release|Any CPU.Build.0 = Release|Any CPU
	EndGlobalSection
	GlobalSection(SolutionProperties) = preSolution
		HideSolutionNode = FALSE
	EndGlobalSection
	GlobalSection(ExtensibilityGlobals) = postSolution
		SolutionGuid = {C327CC76-690D-463A-9E8F-606715F104AC}
	EndGlobalSection
EndGlobal
